
Microsoft Visual Studio Solution File, Format Version 12.00
# Visual Studio Version 16
VisualStudioVersion = 16.0.31729.503
MinimumVisualStudioVersion = 10.0.40219.1
Project("{F184B08F-C81C-45F6-A57F-5ABD9991F28F}") = "UIDESK", "UIDESK\UIDESK.vbproj", "{BB57979D-39C6-41DD-885D-1095D2EE0017}"
EndProject
Global
	GlobalSection(SolutionConfigurationPlatforms) = preSolution
		Debug|Any CPU = Debug|Any CPU
		Release|Any CPU = Release|Any CPU
	EndGlobalSection
	GlobalSection(ProjectConfigurationPlatforms) = postSolution
		{BB57979D-39C6-41DD-885D-1095D2EE0017}.Debug|Any CPU.ActiveCfg = Debug|Any CPU
		{BB57979D-39C6-41DD-885D-1095D2EE0017}.Debug|Any CPU.Build.0 = Debug|Any CPU
		{BB57979D-39C6-41DD-885D-1095D2EE0017}.Release|Any CPU.ActiveCfg = Release|Any CPU
		{BB57979D-39C6-41DD-885D-1095D2EE0017}.Release|Any CPU.Build.0 = Release|Any CPU
	EndGlobalSection
	GlobalSection(SolutionProperties) = preSolution
		HideSolutionNode = FALSE
	EndGlobalSection
	GlobalSection(ExtensibilityGlobals) = postSolution
		SolutionGuid = {297F0704-D887-4568-B745-DA3572C90200}
	EndGlobalSection
EndGlobal
